
Microsoft Visual Studio Solution File, Format Version 12.00
# Visual Studio Version 17
VisualStudioVersion = 17.0.31903.59
MinimumVisualStudioVersion = 10.0.40219.1
Project("{FAE04EC0-301F-11D3-BF4B-00C04F79EFBC}") = "JobScheduler.Models", "JobScheduler.Models\JobScheduler.Models.csproj", "{43689729-E0DF-4409-B4B9-68DB78645777}"
EndProject
Project("{FAE04EC0-301F-11D3-BF4B-00C04F79EFBC}") = "JobScheduler.Engine", "JobScheduler.Core\JobScheduler.Engine.csproj", "{F690AC09-A350-4BAA-9E16-16AEBD1F5026}"
EndProject
Project("{FAE04EC0-301F-11D3-BF4B-00C04F79EFBC}") = "JobScheduler.Engine.Tests", "JobScheduler.Engine.Tests\JobScheduler.Engine.Tests.csproj", "{D16754CC-FFCB-4794-948D-3B57568D132A}"
EndProject
Project("{FAE04EC0-301F-11D3-BF4B-00C04F79EFBC}") = "JobScheduler.Models.Tests", "JobScheduler.Models.Tests\JobScheduler.Models.Tests.csproj", "{2D05F9F6-5F19-42C5-B7E7-F46A84266EBE}"
EndProject
Project("{FAE04EC0-301F-11D3-BF4B-00C04F79EFBC}") = "JobScheduler.API", "JobScheduler.API\JobScheduler.API.csproj", "{89BE4FE2-1543-4A13-92D3-66DC781235CE}"
EndProject
Project("{FAE04EC0-301F-11D3-BF4B-00C04F79EFBC}") = "JobScheduler.API.Tests", "JobScheduler.API.Tests\JobScheduler.API.Tests.csproj", "{A5630118-52E3-413F-A045-78A34128E9DF}"
EndProject
Global
	GlobalSection(SolutionConfigurationPlatforms) = preSolution
		Debug|Any CPU = Debug|Any CPU
		Debug|x64 = Debug|x64
		Debug|x86 = Debug|x86
		Release|Any CPU = Release|Any CPU
		Release|x64 = Release|x64
		Release|x86 = Release|x86
	EndGlobalSection
	GlobalSection(ProjectConfigurationPlatforms) = postSolution
		{43689729-E0DF-4409-B4B9-68DB78645777}.Debug|Any CPU.ActiveCfg = Debug|Any CPU
		{43689729-E0DF-4409-B4B9-68DB78645777}.Debug|Any CPU.Build.0 = Debug|Any CPU
		{43689729-E0DF-4409-B4B9-68DB78645777}.Debug|x64.ActiveCfg = Debug|Any CPU
		{43689729-E0DF-4409-B4B9-68DB78645777}.Debug|x64.Build.0 = Debug|Any CPU
		{43689729-E0DF-4409-B4B9-68DB78645777}.Debug|x86.ActiveCfg = Debug|Any CPU
		{43689729-E0DF-4409-B4B9-68DB78645777}.Debug|x86.Build.0 = Debug|Any CPU
		{43689729-E0DF-4409-B4B9-68DB78645777}.Release|Any CPU.ActiveCfg = Release|Any CPU
		{43689729-E0DF-4409-B4B9-68DB78645777}.Release|Any CPU.Build.0 = Release|Any CPU
		{43689729-E0DF-4409-B4B9-68DB78645777}.Release|x64.ActiveCfg = Release|Any CPU
		{43689729-E0DF-4409-B4B9-68DB78645777}.Release|x64.Build.0 = Release|Any CPU
		{43689729-E0DF-4409-B4B9-68DB78645777}.Release|x86.ActiveCfg = Release|Any CPU
		{43689729-E0DF-4409-B4B9-68DB78645777}.Release|x86.Build.0 = Release|Any CPU
		{F690AC09-A350-4BAA-9E16-16AEBD1F5026}.Debug|Any CPU.ActiveCfg = Debug|Any CPU
		{F690AC09-A350-4BAA-9E16-16AEBD1F5026}.Debug|Any CPU.Build.0 = Debug|Any CPU
		{F690AC09-A350-4BAA-9E16-16AEBD1F5026}.Debug|x64.ActiveCfg = Debug|Any CPU
		{F690AC09-A350-4BAA-9E16-16AEBD1F5026}.Debug|x64.Build.0 = Debug|Any CPU
		{F690AC09-A350-4BAA-9E16-16AEBD1F5026}.Debug|x86.ActiveCfg = Debug|Any CPU
		{F690AC09-A350-4BAA-9E16-16AEBD1F5026}.Debug|x86.Build.0 = Debug|Any CPU
		{F690AC09-A350-4BAA-9E16-16AEBD1F5026}.Release|Any CPU.ActiveCfg = Release|Any CPU
		{F690AC09-A350-4BAA-9E16-16AEBD1F5026}.Release|Any CPU.Build.0 = Release|Any CPU
		{F690AC09-A350-4BAA-9E16-16AEBD1F5026}.Release|x64.ActiveCfg = Release|Any CPU
		{F690AC09-A350-4BAA-9E16-16AEBD1F5026}.Release|x64.Build.0 = Release|Any CPU
		{F690AC09-A350-4BAA-9E16-16AEBD1F5026}.Release|x86.ActiveCfg = Release|Any CPU
		{F690AC09-A350-4BAA-9E16-16AEBD1F5026}.Release|x86.Build.0 = Release|Any CPU
		{D16754CC-FFCB-4794-948D-3B57568D132A}.Debug|Any CPU.ActiveCfg = Debug|Any CPU
		{D16754CC-FFCB-4794-948D-3B57568D132A}.Debug|Any CPU.Build.0 = Debug|Any CPU
		{D16754CC-FFCB-4794-948D-3B57568D132A}.Debug|x64.ActiveCfg = Debug|Any CPU
		{D16754CC-FFCB-4794-948D-3B57568D132A}.Debug|x64.Build.0 = Debug|Any CPU
		{D16754CC-FFCB-4794-948D-3B57568D132A}.Debug|x86.ActiveCfg = Debug|Any CPU
		{D16754CC-FFCB-4794-948D-3B57568D132A}.Debug|x86.Build.0 = Debug|Any CPU
		{D16754CC-FFCB-4794-948D-3B57568D132A}.Release|Any CPU.ActiveCfg = Release|Any CPU
		{D16754CC-FFCB-4794-948D-3B57568D132A}.Release|Any CPU.Build.0 = Release|Any CPU
		{D16754CC-FFCB-4794-948D-3B57568D132A}.Release|x64.ActiveCfg = Release|Any CPU
		{D16754CC-FFCB-4794-948D-3B57568D132A}.Release|x64.Build.0 = Release|Any CPU
		{D16754CC-FFCB-4794-948D-3B57568D132A}.Release|x86.ActiveCfg = Release|Any CPU
		{D16754CC-FFCB-4794-948D-3B57568D132A}.Release|x86.Build.0 = Release|Any CPU
		{2D05F9F6-5F19-42C5-B7E7-F46A84266EBE}.Debug|Any CPU.ActiveCfg = Debug|Any CPU
		{2D05F9F6-5F19-42C5-B7E7-F46A84266EBE}.Debug|Any CPU.Build.0 = Debug|Any CPU
		{2D05F9F6-5F19-42C5-B7E7-F46A84266EBE}.Debug|x64.ActiveCfg = Debug|Any CPU
		{2D05F9F6-5F19-42C5-B7E7-F46A84266EBE}.Debug|x64.Build.0 = Debug|Any CPU
		{2D05F9F6-5F19-42C5-B7E7-F46A84266EBE}.Debug|x86.ActiveCfg = Debug|Any CPU
		{2D05F9F6-5F19-42C5-B7E7-F46A84266EBE}.Debug|x86.Build.0 = Debug|Any CPU
		{2D05F9F6-5F19-42C5-B7E7-F46A84266EBE}.Release|Any CPU.ActiveCfg = Release|Any CPU
		{2D05F9F6-5F19-42C5-B7E7-F46A84266EBE}.Release|Any CPU.Build.0 = Release|Any CPU
		{2D05F9F6-5F19-42C5-B7E7-F46A84266EBE}.Release|x64.ActiveCfg = Release|Any CPU
		{2D05F9F6-5F19-42C5-B7E7-F46A84266EBE}.Release|x64.Build.0 = Release|Any CPU
		{2D05F9F6-5F19-42C5-B7E7-F46A84266EBE}.Release|x86.ActiveCfg = Release|Any CPU
		{2D05F9F6-5F19-42C5-B7E7-F46A84266EBE}.Release|x86.Build.0 = Release|Any CPU
		{89BE4FE2-1543-4A13-92D3-66DC781235CE}.Debug|Any CPU.ActiveCfg = Debug|Any CPU
		{89BE4FE2-1543-4A13-92D3-66DC781235CE}.Debug|Any CPU.Build.0 = Debug|Any CPU
		{89BE4FE2-1543-4A13-92D3-66DC781235CE}.Debug|x64.ActiveCfg = Debug|Any CPU
		{89BE4FE2-1543-4A13-92D3-66DC781235CE}.Debug|x64.Build.0 = Debug|Any CPU
		{89BE4FE2-1543-4A13-92D3-66DC781235CE}.Debug|x86.ActiveCfg = Debug|Any CPU
		{89BE4FE2-1543-4A13-92D3-66DC781235CE}.Debug|x86.Build.0 = Debug|Any CPU
		{89BE4FE2-1543-4A13-92D3-66DC781235CE}.Release|Any CPU.ActiveCfg = Release|Any CPU
		{89BE4FE2-1543-4A13-92D3-66DC781235CE}.Release|Any CPU.Build.0 = Release|Any CPU
		{89BE4FE2-1543-4A13-92D3-66DC781235CE}.Release|x64.ActiveCfg = Release|Any CPU
		{89BE4FE2-1543-4A13-92D3-66DC781235CE}.Release|x64.Build.0 = Release|Any CPU
		{89BE4FE2-1543-4A13-92D3-66DC781235CE}.Release|x86.ActiveCfg = Release|Any CPU
		{89BE4FE2-1543-4A13-92D3-66DC781235CE}.Release|x86.Build.0 = Release|Any CPU
		{A5630118-52E3-413F-A045-78A34128E9DF}.Debug|Any CPU.ActiveCfg = Debug|Any CPU
		{A5630118-52E3-413F-A045-78A34128E9DF}.Debug|Any CPU.Build.0 = Debug|Any CPU
		{A5630118-52E3-413F-A045-78A34128E9DF}.Debug|x64.ActiveCfg = Debug|Any CPU
		{A5630118-52E3-413F-A045-78A34128E9DF}.Debug|x64.Build.0 = Debug|Any CPU
		{A5630118-52E3-413F-A045-78A34128E9DF}.Debug|x86.ActiveCfg = Debug|Any CPU
		{A5630118-52E3-413F-A045-78A34128E9DF}.Debug|x86.Build.0 = Debug|Any CPU
		{A5630118-52E3-413F-A045-78A34128E9DF}.Release|Any CPU.ActiveCfg = Release|Any CPU
		{A5630118-52E3-413F-A045-78A34128E9DF}.Release|Any CPU.Build.0 = Release|Any CPU
		{A5630118-52E3-413F-A045-78A34128E9DF}.Release|x64.ActiveCfg = Release|Any CPU
		{A5630118-52E3-413F-A045-78A34128E9DF}.Release|x64.Build.0 = Release|Any CPU
		{A5630118-52E3-413F-A045-78A34128E9DF}.Release|x86.ActiveCfg = Release|Any CPU
		{A5630118-52E3-413F-A045-78A34128E9DF}.Release|x86.Build.0 = Release|Any CPU
	EndGlobalSection
	GlobalSection(SolutionProperties) = preSolution
		HideSolutionNode = FALSE
	EndGlobalSection
EndGlobal
